Microsoft Visual Studio Solution File, Format Version 12.00
# Visual Studio Version 17
VisualStudioVersion = 17.5.2.0
MinimumVisualStudioVersion = 10.0.40219.1
Project("{FAE04EC0-301F-11D3-BF4B-00C04F79EFBC}") = "ConsoleSend", "ConsoleSend.csproj", "{5CDE7FDC-2A69-DD3F-4FEE-4CB323E19B07}"
EndProject
Global
	GlobalSection(SolutionConfigurationPlatforms) = preSolution
		Debug|Any CPU = Debug|Any CPU
		Release|Any CPU = Release|Any CPU
	EndGlobalSection
	GlobalSection(ProjectConfigurationPlatforms) = postSolution
		{5CDE7FDC-2A69-DD3F-4FEE-4CB323E19B07}.Debug|Any CPU.ActiveCfg = Debug|Any CPU
		{5CDE7FDC-2A69-DD3F-4FEE-4CB323E19B07}.Debug|Any CPU.Build.0 = Debug|Any CPU
		{5CDE7FDC-2A69-DD3F-4FEE-4CB323E19B07}.Release|Any CPU.ActiveCfg = Release|Any CPU
		{5CDE7FDC-2A69-DD3F-4FEE-4CB323E19B07}.Release|Any CPU.Build.0 = Release|Any CPU
	EndGlobalSection
	GlobalSection(SolutionProperties) = preSolution
		HideSolutionNode = FALSE
	EndGlobalSection
	GlobalSection(ExtensibilityGlobals) = postSolution
		SolutionGuid = {BEC9FD6E-ECCF-47E9-9CA5-B01AA1601428}
	EndGlobalSection
EndGlobal
